
Microsoft Visual Studio Solution File, Format Version 12.00
# Visual Studio Version 17
VisualStudioVersion = 17.13.35931.197 d17.13
MinimumVisualStudioVersion = 10.0.40219.1
Project("{FAE04EC0-301F-11D3-BF4B-00C04F79EFBC}") = "BioRobot", "BioRobot.csproj", "{348EA31D-D022-4BD2-A417-D4298198FBBD}"
EndProject
Global
	GlobalSection(SolutionConfigurationPlatforms) = preSolution
		Debug|Any CPU = Debug|Any CPU
		Release|Any CPU = Release|Any CPU
	EndGlobalSection
	GlobalSection(ProjectConfigurationPlatforms) = postSolution
		{348EA31D-D022-4BD2-A417-D4298198FBBD}.Debug|Any CPU.ActiveCfg = Debug|Any CPU
		{348EA31D-D022-4BD2-A417-D4298198FBBD}.Debug|Any CPU.Build.0 = Debug|Any CPU
		{348EA31D-D022-4BD2-A417-D4298198FBBD}.Release|Any CPU.ActiveCfg = Release|Any CPU
		{348EA31D-D022-4BD2-A417-D4298198FBBD}.Release|Any CPU.Build.0 = Release|Any CPU
	EndGlobalSection
	GlobalSection(SolutionProperties) = preSolution
		HideSolutionNode = FALSE
	EndGlobalSection
	GlobalSection(ExtensibilityGlobals) = postSolution
		SolutionGuid = {8126A5A8-A62A-4EAE-810F-3D1474BC84D8}
	EndGlobalSection
EndGlobal
